
Microsoft Visual Studio Solution File, Format Version 12.00
# Visual Studio Version 17
VisualStudioVersion = 17.9.34728.123
MinimumVisualStudioVersion = 10.0.40219.1
Project("{8BC9CEB8-8B4A-11D0-8D11-00A0C91BC942}") = "DirectX14", "DirectX14.vcxproj", "{49EA209D-EF58-4617-B502-55347995ECBD}"
EndProject
Global
	GlobalSection(SolutionConfigurationPlatforms) = preSolution
		Debug|x64 = Debug|x64
		Debug|x86 = Debug|x86
		Release|x64 = Release|x64
		Release|x86 = Release|x86
	EndGlobalSection
	GlobalSection(ProjectConfigurationPlatforms) = postSolution
		{49EA209D-EF58-4617-B502-55347995ECBD}.Debug|x64.ActiveCfg = Debug|x64
		{49EA209D-EF58-4617-B502-55347995ECBD}.Debug|x64.Build.0 = Debug|x64
		{49EA209D-EF58-4617-B502-55347995ECBD}.Debug|x86.ActiveCfg = Debug|Win32
		{49EA209D-EF58-4617-B502-55347995ECBD}.Debug|x86.Build.0 = Debug|Win32
		{49EA209D-EF58-4617-B502-55347995ECBD}.Release|x64.ActiveCfg = Release|x64
		{49EA209D-EF58-4617-B502-55347995ECBD}.Release|x64.Build.0 = Release|x64
		{49EA209D-EF58-4617-B502-55347995ECBD}.Release|x86.ActiveCfg = Release|Win32
		{49EA209D-EF58-4617-B502-55347995ECBD}.Release|x86.Build.0 = Release|Win32
	EndGlobalSection
	GlobalSection(SolutionProperties) = preSolution
		HideSolutionNode = FALSE
	EndGlobalSection
	GlobalSection(ExtensibilityGlobals) = postSolution
		SolutionGuid = {7903E81B-36D6-476C-BB3C-6B04CC21D4AF}
	EndGlobalSection
EndGlobal
